{
    "name": "shop_api",
    "version": "0.0.0",
    "lockfileVersion": 2,
    "requires": true,
    "packages": {
        "": {
            "name": "shop_api",
            "version": "0.0.0",
            "license": "UNLICENSED",
            "workspaces": [
                "apps/*",
                "packages/*"
            ]
        }
    }
}
